
Microsoft Visual Studio Solution File, Format Version 12.00
# Visual Studio Version 16
VisualStudioVersion = 16.0.31702.278
MinimumVisualStudioVersion = 10.0.40219.1
Project("{9A19103F-16F7-4668-BE54-9A1E7A4F7556}") = "Task2", "Task2\Task2.csproj", "{D4E3212B-8C33-4481-959C-63E53538795F}"
EndProject
Project("{FAE04EC0-301F-11D3-BF4B-00C04F79EFBC}") = "Task1", "Task1\Task1.csproj", "{EEB428CD-2AFA-48DC-8399-4CDF09DF00D7}"
EndProject
Global
	GlobalSection(SolutionConfigurationPlatforms) = preSolution
		Debug|Any CPU = Debug|Any CPU
		Release|Any CPU = Release|Any CPU
	EndGlobalSection
	GlobalSection(ProjectConfigurationPlatforms) = postSolution
		{D4E3212B-8C33-4481-959C-63E53538795F}.Debug|Any CPU.ActiveCfg = Debug|Any CPU
		{D4E3212B-8C33-4481-959C-63E53538795F}.Debug|Any CPU.Build.0 = Debug|Any CPU
		{D4E3212B-8C33-4481-959C-63E53538795F}.Release|Any CPU.ActiveCfg = Release|Any CPU
		{D4E3212B-8C33-4481-959C-63E53538795F}.Release|Any CPU.Build.0 = Release|Any CPU
		{EEB428CD-2AFA-48DC-8399-4CDF09DF00D7}.Debug|Any CPU.ActiveCfg = Debug|Any CPU
		{EEB428CD-2AFA-48DC-8399-4CDF09DF00D7}.Debug|Any CPU.Build.0 = Debug|Any CPU
		{EEB428CD-2AFA-48DC-8399-4CDF09DF00D7}.Release|Any CPU.ActiveCfg = Release|Any CPU
		{EEB428CD-2AFA-48DC-8399-4CDF09DF00D7}.Release|Any CPU.Build.0 = Release|Any CPU
	EndGlobalSection
	GlobalSection(SolutionProperties) = preSolution
		HideSolutionNode = FALSE
	EndGlobalSection
	GlobalSection(ExtensibilityGlobals) = postSolution
		SolutionGuid = {130FB71B-A23C-4812-931B-0DE6CEF2F2FE}
	EndGlobalSection
EndGlobal
